{
  "name": "ipt_2a",
  "version": "1.0.0",
  "lockfileVersion": 3,
  "requires": true,
  "packages": {
    "": {
      "name": "ipt_2a",
      "version": "1.0.0",
      "license": "ISC",
      "dependencies": {
        "ipt_2a": "file:"
      }
    },
    "node_modules/ipt_2a": {
      "resolved": "",
      "link": true
    }
  }
}
